
Microsoft Visual Studio Solution File, Format Version 12.00
# Visual Studio Version 16
VisualStudioVersion = 16.0.29609.76
MinimumVisualStudioVersion = 10.0.40219.1
Project("{FAE04EC0-301F-11D3-BF4B-00C04F79EFBC}") = "Yoto.BinaryTreeVisualizer.View", "Yoto.BinaryTreeVisualizer.View\Yoto.BinaryTreeVisualizer.View.csproj", "{77031376-072B-41E1-9317-297CB8183D07}"
	ProjectSection(ProjectDependencies) = postProject
		{2FFC3716-F7AA-4698-9AD4-AC51DF048552} = {2FFC3716-F7AA-4698-9AD4-AC51DF048552}
	EndProjectSection
EndProject
Project("{9A19103F-16F7-4668-BE54-9A1E7A4F7556}") = "Yoto.BinaryTreeVisualizer", "Yoto.BinaryTreeVisualizer\Yoto.BinaryTreeVisualizer.csproj", "{2FFC3716-F7AA-4698-9AD4-AC51DF048552}"
EndProject
Global
	GlobalSection(SolutionConfigurationPlatforms) = preSolution
		Debug|Any CPU = Debug|Any CPU
		Release|Any CPU = Release|Any CPU
	EndGlobalSection
	GlobalSection(ProjectConfigurationPlatforms) = postSolution
		{77031376-072B-41E1-9317-297CB8183D07}.Debug|Any CPU.ActiveCfg = Debug|Any CPU
		{77031376-072B-41E1-9317-297CB8183D07}.Debug|Any CPU.Build.0 = Debug|Any CPU
		{77031376-072B-41E1-9317-297CB8183D07}.Release|Any CPU.ActiveCfg = Release|Any CPU
		{77031376-072B-41E1-9317-297CB8183D07}.Release|Any CPU.Build.0 = Release|Any CPU
		{2FFC3716-F7AA-4698-9AD4-AC51DF048552}.Debug|Any CPU.ActiveCfg = Debug|Any CPU
		{2FFC3716-F7AA-4698-9AD4-AC51DF048552}.Debug|Any CPU.Build.0 = Debug|Any CPU
		{2FFC3716-F7AA-4698-9AD4-AC51DF048552}.Release|Any CPU.ActiveCfg = Release|Any CPU
		{2FFC3716-F7AA-4698-9AD4-AC51DF048552}.Release|Any CPU.Build.0 = Release|Any CPU
	EndGlobalSection
	GlobalSection(SolutionProperties) = preSolution
		HideSolutionNode = FALSE
	EndGlobalSection
	GlobalSection(ExtensibilityGlobals) = postSolution
		SolutionGuid = {A4C71DCA-66C9-4FC8-A342-A65600A8E3A3}
	EndGlobalSection
EndGlobal
